<?xml version="1.0" encoding="UTF-8"?>
<CodeBlocks_project_file>
	<FileVersion major="1" minor="6"/>
	<Project>
		<Option title="DeepDarkFantasy"/>
		<Option makefile_is_custom="1"/>
		<Option compiler="gcc"/>
		<Option virtualFolders="CMake Files\;"/>
		<Build>
			<Target title="all">
				<Option working_dir="C:/Users/Jovan/Documents/GitHub/DeepDarkFantasy"/>
				<Option type="4"/>
				<MakeCommands>
					<Build command="C:/MinGW/bin/mingw32-make.exe -f &quot;C:/Users/Jovan/Documents/GitHub/DeepDarkFantasy/Makefile&quot;  VERBOSE=1 all"/>
					<CompileFile command="C:/MinGW/bin/mingw32-make.exe -f &quot;C:/Users/Jovan/Documents/GitHub/DeepDarkFantasy/Makefile&quot;  VERBOSE=1 &quot;$file&quot;"/>
					<Clean command="C:/MinGW/bin/mingw32-make.exe -f &quot;C:/Users/Jovan/Documents/GitHub/DeepDarkFantasy/Makefile&quot;  VERBOSE=1 clean"/>
					<DistClean command="C:/MinGW/bin/mingw32-make.exe -f &quot;C:/Users/Jovan/Documents/GitHub/DeepDarkFantasy/Makefile&quot;  VERBOSE=1 clean"/>
				</MakeCommands>
			</Target>
			<Target title="DeepDarkFantasy">
				<Option output="C:/Users/Jovan/Documents/GitHub/DeepDarkFantasy/DeepDarkFantasy.exe" prefix_auto="0" extension_auto="0"/>
				<Option working_dir="C:/Users/Jovan/Documents/GitHub/DeepDarkFantasy"/>
				<Option object_output="./"/>
				<Option type="1"/>
				<Option compiler="gcc"/>
				<Compiler>
					<Add directory="C:/Users/Jovan/Documents/GitHub/DeepDarkFantasy/include"/>
					<Add directory="C:/Users/Jovan/Documents/GitHub/DeepDarkFantasy/include/rapidjson"/>
					<Add directory="C:/Users/Jovan/Documents/GitHub/DeepDarkFantasy/include/rapidjson/error"/>
					<Add directory="C:/Users/Jovan/Documents/GitHub/DeepDarkFantasy/include/rapidjson/internal"/>
					<Add directory="C:/Users/Jovan/Documents/GitHub/DeepDarkFantasy/include/rapidjson/msinttypes"/>
					<Add directory="C:/MinGW/include"/>
					<Add directory="c:\mingw\bin\../lib64/gcc/x86_64-w64-mingw32/4.8.3/../../../../include/c++/4.8.3"/>
					<Add directory="c:\mingw\bin\../lib64/gcc/x86_64-w64-mingw32/4.8.3/../../../../include/c++/4.8.3/x86_64-w64-mingw32"/>
					<Add directory="c:\mingw\bin\../lib64/gcc/x86_64-w64-mingw32/4.8.3/../../../../include/c++/4.8.3/backward"/>
					<Add directory="c:\mingw\bin\../lib64/gcc/x86_64-w64-mingw32/4.8.3/include"/>
					<Add directory="c:\mingw\bin\../lib64/gcc/x86_64-w64-mingw32/4.8.3/include-fixed"/>
					<Add directory="c:\mingw\bin\../lib64/gcc/x86_64-w64-mingw32/4.8.3/../../../../x86_64-w64-mingw32/include"/>
				</Compiler>
				<MakeCommands>
					<Build command="C:/MinGW/bin/mingw32-make.exe -f &quot;C:/Users/Jovan/Documents/GitHub/DeepDarkFantasy/Makefile&quot;  VERBOSE=1 DeepDarkFantasy"/>
					<CompileFile command="C:/MinGW/bin/mingw32-make.exe -f &quot;C:/Users/Jovan/Documents/GitHub/DeepDarkFantasy/Makefile&quot;  VERBOSE=1 &quot;$file&quot;"/>
					<Clean command="C:/MinGW/bin/mingw32-make.exe -f &quot;C:/Users/Jovan/Documents/GitHub/DeepDarkFantasy/Makefile&quot;  VERBOSE=1 clean"/>
					<DistClean command="C:/MinGW/bin/mingw32-make.exe -f &quot;C:/Users/Jovan/Documents/GitHub/DeepDarkFantasy/Makefile&quot;  VERBOSE=1 clean"/>
				</MakeCommands>
			</Target>
			<Target title="DeepDarkFantasy/fast">
				<Option output="C:/Users/Jovan/Documents/GitHub/DeepDarkFantasy/DeepDarkFantasy.exe" prefix_auto="0" extension_auto="0"/>
				<Option working_dir="C:/Users/Jovan/Documents/GitHub/DeepDarkFantasy"/>
				<Option object_output="./"/>
				<Option type="1"/>
				<Option compiler="gcc"/>
				<Compiler>
					<Add directory="C:/Users/Jovan/Documents/GitHub/DeepDarkFantasy/include"/>
					<Add directory="C:/Users/Jovan/Documents/GitHub/DeepDarkFantasy/include/rapidjson"/>
					<Add directory="C:/Users/Jovan/Documents/GitHub/DeepDarkFantasy/include/rapidjson/error"/>
					<Add directory="C:/Users/Jovan/Documents/GitHub/DeepDarkFantasy/include/rapidjson/internal"/>
					<Add directory="C:/Users/Jovan/Documents/GitHub/DeepDarkFantasy/include/rapidjson/msinttypes"/>
					<Add directory="C:/MinGW/include"/>
					<Add directory="c:\mingw\bin\../lib64/gcc/x86_64-w64-mingw32/4.8.3/../../../../include/c++/4.8.3"/>
					<Add directory="c:\mingw\bin\../lib64/gcc/x86_64-w64-mingw32/4.8.3/../../../../include/c++/4.8.3/x86_64-w64-mingw32"/>
					<Add directory="c:\mingw\bin\../lib64/gcc/x86_64-w64-mingw32/4.8.3/../../../../include/c++/4.8.3/backward"/>
					<Add directory="c:\mingw\bin\../lib64/gcc/x86_64-w64-mingw32/4.8.3/include"/>
					<Add directory="c:\mingw\bin\../lib64/gcc/x86_64-w64-mingw32/4.8.3/include-fixed"/>
					<Add directory="c:\mingw\bin\../lib64/gcc/x86_64-w64-mingw32/4.8.3/../../../../x86_64-w64-mingw32/include"/>
				</Compiler>
				<MakeCommands>
					<Build command="C:/MinGW/bin/mingw32-make.exe -f &quot;C:/Users/Jovan/Documents/GitHub/DeepDarkFantasy/Makefile&quot;  VERBOSE=1 DeepDarkFantasy/fast"/>
					<CompileFile command="C:/MinGW/bin/mingw32-make.exe -f &quot;C:/Users/Jovan/Documents/GitHub/DeepDarkFantasy/Makefile&quot;  VERBOSE=1 &quot;$file&quot;"/>
					<Clean command="C:/MinGW/bin/mingw32-make.exe -f &quot;C:/Users/Jovan/Documents/GitHub/DeepDarkFantasy/Makefile&quot;  VERBOSE=1 clean"/>
					<DistClean command="C:/MinGW/bin/mingw32-make.exe -f &quot;C:/Users/Jovan/Documents/GitHub/DeepDarkFantasy/Makefile&quot;  VERBOSE=1 clean"/>
				</MakeCommands>
			</Target>
			<Target title="edit_cache">
				<Option working_dir="C:/Users/Jovan/Documents/GitHub/DeepDarkFantasy"/>
				<Option type="4"/>
				<MakeCommands>
					<Build command="C:/MinGW/bin/mingw32-make.exe -f &quot;C:/Users/Jovan/Documents/GitHub/DeepDarkFantasy/Makefile&quot;  VERBOSE=1 edit_cache"/>
					<CompileFile command="C:/MinGW/bin/mingw32-make.exe -f &quot;C:/Users/Jovan/Documents/GitHub/DeepDarkFantasy/Makefile&quot;  VERBOSE=1 &quot;$file&quot;"/>
					<Clean command="C:/MinGW/bin/mingw32-make.exe -f &quot;C:/Users/Jovan/Documents/GitHub/DeepDarkFantasy/Makefile&quot;  VERBOSE=1 clean"/>
					<DistClean command="C:/MinGW/bin/mingw32-make.exe -f &quot;C:/Users/Jovan/Documents/GitHub/DeepDarkFantasy/Makefile&quot;  VERBOSE=1 clean"/>
				</MakeCommands>
			</Target>
			<Target title="rebuild_cache">
				<Option working_dir="C:/Users/Jovan/Documents/GitHub/DeepDarkFantasy"/>
				<Option type="4"/>
				<MakeCommands>
					<Build command="C:/MinGW/bin/mingw32-make.exe -f &quot;C:/Users/Jovan/Documents/GitHub/DeepDarkFantasy/Makefile&quot;  VERBOSE=1 rebuild_cache"/>
					<CompileFile command="C:/MinGW/bin/mingw32-make.exe -f &quot;C:/Users/Jovan/Documents/GitHub/DeepDarkFantasy/Makefile&quot;  VERBOSE=1 &quot;$file&quot;"/>
					<Clean command="C:/MinGW/bin/mingw32-make.exe -f &quot;C:/Users/Jovan/Documents/GitHub/DeepDarkFantasy/Makefile&quot;  VERBOSE=1 clean"/>
					<DistClean command="C:/MinGW/bin/mingw32-make.exe -f &quot;C:/Users/Jovan/Documents/GitHub/DeepDarkFantasy/Makefile&quot;  VERBOSE=1 clean"/>
				</MakeCommands>
			</Target>
		</Build>
		<Unit filename="C:/Users/Jovan/Documents/GitHub/DeepDarkFantasy/creature/Creature.h">
			<Option target="DeepDarkFantasy"/>
		</Unit>
		<Unit filename="C:/Users/Jovan/Documents/GitHub/DeepDarkFantasy/include/functions.h">
			<Option target="DeepDarkFantasy"/>
		</Unit>
		<Unit filename="C:/Users/Jovan/Documents/GitHub/DeepDarkFantasy/include/rapidjson/allocators.h">
			<Option target="DeepDarkFantasy"/>
		</Unit>
		<Unit filename="C:/Users/Jovan/Documents/GitHub/DeepDarkFantasy/include/rapidjson/cursorstreamwrapper.h">
			<Option target="DeepDarkFantasy"/>
		</Unit>
		<Unit filename="C:/Users/Jovan/Documents/GitHub/DeepDarkFantasy/include/rapidjson/document.h">
			<Option target="DeepDarkFantasy"/>
		</Unit>
		<Unit filename="C:/Users/Jovan/Documents/GitHub/DeepDarkFantasy/include/rapidjson/encodedstream.h">
			<Option target="DeepDarkFantasy"/>
		</Unit>
		<Unit filename="C:/Users/Jovan/Documents/GitHub/DeepDarkFantasy/include/rapidjson/encodings.h">
			<Option target="DeepDarkFantasy"/>
		</Unit>
		<Unit filename="C:/Users/Jovan/Documents/GitHub/DeepDarkFantasy/include/rapidjson/error/en.h">
			<Option target="DeepDarkFantasy"/>
		</Unit>
		<Unit filename="C:/Users/Jovan/Documents/GitHub/DeepDarkFantasy/include/rapidjson/error/error.h">
			<Option target="DeepDarkFantasy"/>
		</Unit>
		<Unit filename="C:/Users/Jovan/Documents/GitHub/DeepDarkFantasy/include/rapidjson/filereadstream.h">
			<Option target="DeepDarkFantasy"/>
		</Unit>
		<Unit filename="C:/Users/Jovan/Documents/GitHub/DeepDarkFantasy/include/rapidjson/filewritestream.h">
			<Option target="DeepDarkFantasy"/>
		</Unit>
		<Unit filename="C:/Users/Jovan/Documents/GitHub/DeepDarkFantasy/include/rapidjson/fwd.h">
			<Option target="DeepDarkFantasy"/>
		</Unit>
		<Unit filename="C:/Users/Jovan/Documents/GitHub/DeepDarkFantasy/include/rapidjson/internal/biginteger.h">
			<Option target="DeepDarkFantasy"/>
		</Unit>
		<Unit filename="C:/Users/Jovan/Documents/GitHub/DeepDarkFantasy/include/rapidjson/internal/diyfp.h">
			<Option target="DeepDarkFantasy"/>
		</Unit>
		<Unit filename="C:/Users/Jovan/Documents/GitHub/DeepDarkFantasy/include/rapidjson/internal/dtoa.h">
			<Option target="DeepDarkFantasy"/>
		</Unit>
		<Unit filename="C:/Users/Jovan/Documents/GitHub/DeepDarkFantasy/include/rapidjson/internal/ieee754.h">
			<Option target="DeepDarkFantasy"/>
		</Unit>
		<Unit filename="C:/Users/Jovan/Documents/GitHub/DeepDarkFantasy/include/rapidjson/internal/itoa.h">
			<Option target="DeepDarkFantasy"/>
		</Unit>
		<Unit filename="C:/Users/Jovan/Documents/GitHub/DeepDarkFantasy/include/rapidjson/internal/meta.h">
			<Option target="DeepDarkFantasy"/>
		</Unit>
		<Unit filename="C:/Users/Jovan/Documents/GitHub/DeepDarkFantasy/include/rapidjson/internal/pow10.h">
			<Option target="DeepDarkFantasy"/>
		</Unit>
		<Unit filename="C:/Users/Jovan/Documents/GitHub/DeepDarkFantasy/include/rapidjson/internal/regex.h">
			<Option target="DeepDarkFantasy"/>
		</Unit>
		<Unit filename="C:/Users/Jovan/Documents/GitHub/DeepDarkFantasy/include/rapidjson/internal/stack.h">
			<Option target="DeepDarkFantasy"/>
		</Unit>
		<Unit filename="C:/Users/Jovan/Documents/GitHub/DeepDarkFantasy/include/rapidjson/internal/strfunc.h">
			<Option target="DeepDarkFantasy"/>
		</Unit>
		<Unit filename="C:/Users/Jovan/Documents/GitHub/DeepDarkFantasy/include/rapidjson/internal/strtod.h">
			<Option target="DeepDarkFantasy"/>
		</Unit>
		<Unit filename="C:/Users/Jovan/Documents/GitHub/DeepDarkFantasy/include/rapidjson/internal/swap.h">
			<Option target="DeepDarkFantasy"/>
		</Unit>
		<Unit filename="C:/Users/Jovan/Documents/GitHub/DeepDarkFantasy/include/rapidjson/istreamwrapper.h">
			<Option target="DeepDarkFantasy"/>
		</Unit>
		<Unit filename="C:/Users/Jovan/Documents/GitHub/DeepDarkFantasy/include/rapidjson/memorybuffer.h">
			<Option target="DeepDarkFantasy"/>
		</Unit>
		<Unit filename="C:/Users/Jovan/Documents/GitHub/DeepDarkFantasy/include/rapidjson/memorystream.h">
			<Option target="DeepDarkFantasy"/>
		</Unit>
		<Unit filename="C:/Users/Jovan/Documents/GitHub/DeepDarkFantasy/include/rapidjson/msinttypes/inttypes.h">
			<Option target="DeepDarkFantasy"/>
		</Unit>
		<Unit filename="C:/Users/Jovan/Documents/GitHub/DeepDarkFantasy/include/rapidjson/msinttypes/stdint.h">
			<Option target="DeepDarkFantasy"/>
		</Unit>
		<Unit filename="C:/Users/Jovan/Documents/GitHub/DeepDarkFantasy/include/rapidjson/ostreamwrapper.h">
			<Option target="DeepDarkFantasy"/>
		</Unit>
		<Unit filename="C:/Users/Jovan/Documents/GitHub/DeepDarkFantasy/include/rapidjson/pointer.h">
			<Option target="DeepDarkFantasy"/>
		</Unit>
		<Unit filename="C:/Users/Jovan/Documents/GitHub/DeepDarkFantasy/include/rapidjson/prettywriter.h">
			<Option target="DeepDarkFantasy"/>
		</Unit>
		<Unit filename="C:/Users/Jovan/Documents/GitHub/DeepDarkFantasy/include/rapidjson/rapidjson.h">
			<Option target="DeepDarkFantasy"/>
		</Unit>
		<Unit filename="C:/Users/Jovan/Documents/GitHub/DeepDarkFantasy/include/rapidjson/reader.h">
			<Option target="DeepDarkFantasy"/>
		</Unit>
		<Unit filename="C:/Users/Jovan/Documents/GitHub/DeepDarkFantasy/include/rapidjson/schema.h">
			<Option target="DeepDarkFantasy"/>
		</Unit>
		<Unit filename="C:/Users/Jovan/Documents/GitHub/DeepDarkFantasy/include/rapidjson/stream.h">
			<Option target="DeepDarkFantasy"/>
		</Unit>
		<Unit filename="C:/Users/Jovan/Documents/GitHub/DeepDarkFantasy/include/rapidjson/stringbuffer.h">
			<Option target="DeepDarkFantasy"/>
		</Unit>
		<Unit filename="C:/Users/Jovan/Documents/GitHub/DeepDarkFantasy/include/rapidjson/writer.h">
			<Option target="DeepDarkFantasy"/>
		</Unit>
		<Unit filename="C:/Users/Jovan/Documents/GitHub/DeepDarkFantasy/main.cpp">
			<Option target="DeepDarkFantasy"/>
		</Unit>
		<Unit filename="C:/Users/Jovan/Documents/GitHub/DeepDarkFantasy/CMakeLists.txt">
			<Option virtualFolder="CMake Files\"/>
		</Unit>
	</Project>
</CodeBlocks_project_file>
